
Microsoft Visual Studio Solution File, Format Version 12.00
# Visual Studio Version 17
VisualStudioVersion = 17.10.34916.146
MinimumVisualStudioVersion = 10.0.40219.1
Project("{2150E333-8FDC-42A3-9474-1A3956D46DE8}") = "FrontEnd", "FrontEnd", "{A9CFA334-FB1E-47E4-8DFA-87C8954E91BF}"
EndProject
Project("{2150E333-8FDC-42A3-9474-1A3956D46DE8}") = "Gateway", "Gateway", "{8929360B-846A-4F49-8FCE-B00CB92CE360}"
EndProject
Project("{2150E333-8FDC-42A3-9474-1A3956D46DE8}") = "Integration", "Integration", "{4C66CF22-FD44-4C62-AA73-2080BB9E8330}"
EndProject
Project("{2150E333-8FDC-42A3-9474-1A3956D46DE8}") = "Services", "Services", "{BF1D5CC4-83C6-4C5F-8143-4E2E3F13563F}"
EndProject
Project("{FAE04EC0-301F-11D3-BF4B-00C04F79EFBC}") = "Mango.Services.CouponAPI", "Mango.Services.CouponAPI\Mango.Services.CouponAPI.csproj", "{33C34F32-EC5D-46D0-A771-78F10BBF5732}"
EndProject
Global
	GlobalSection(SolutionConfigurationPlatforms) = preSolution
		Debug|Any CPU = Debug|Any CPU
		Release|Any CPU = Release|Any CPU
	EndGlobalSection
	GlobalSection(ProjectConfigurationPlatforms) = postSolution
		{33C34F32-EC5D-46D0-A771-78F10BBF5732}.Debug|Any CPU.ActiveCfg = Debug|Any CPU
		{33C34F32-EC5D-46D0-A771-78F10BBF5732}.Debug|Any CPU.Build.0 = Debug|Any CPU
		{33C34F32-EC5D-46D0-A771-78F10BBF5732}.Release|Any CPU.ActiveCfg = Release|Any CPU
		{33C34F32-EC5D-46D0-A771-78F10BBF5732}.Release|Any CPU.Build.0 = Release|Any CPU
	EndGlobalSection
	GlobalSection(SolutionProperties) = preSolution
		HideSolutionNode = FALSE
	EndGlobalSection
	GlobalSection(NestedProjects) = preSolution
		{33C34F32-EC5D-46D0-A771-78F10BBF5732} = {BF1D5CC4-83C6-4C5F-8143-4E2E3F13563F}
	EndGlobalSection
	GlobalSection(ExtensibilityGlobals) = postSolution
		SolutionGuid = {73168D53-CD89-4D3C-B05B-1AC4DEBD56B2}
	EndGlobalSection
EndGlobal
