
Microsoft Visual Studio Solution File, Format Version 12.00
# Visual Studio Version 17
VisualStudioVersion = 17.10.34916.146
MinimumVisualStudioVersion = 10.0.40219.1
Project("{2150E333-8FDC-42A3-9474-1A3956D46DE8}") = "Services", "Services", "{BF1D5CC4-83C6-4C5F-8143-4E2E3F13563F}"
EndProject
Project("{9A19103F-16F7-4668-BE54-9A1E7A4F7556}") = "Mango.Services.CouponAPI", "Mango.Services.CouponAPI\Mango.Services.CouponAPI.csproj", "{33C34F32-EC5D-46D0-A771-78F10BBF5732}"
EndProject
Project("{2150E333-8FDC-42A3-9474-1A3956D46DE8}") = "Gateway", "Gateway", "{AC8718EB-59AE-4EFE-A6D8-00C692049835}"
EndProject
Project("{2150E333-8FDC-42A3-9474-1A3956D46DE8}") = "FrontEnd", "FrontEnd", "{07121501-099B-4B62-B7F5-3C5C71457F64}"
EndProject
Project("{2150E333-8FDC-42A3-9474-1A3956D46DE8}") = "Integration", "Integration", "{F6DC2111-F182-4EFE-ACA8-71127D268E2F}"
EndProject
Global
	GlobalSection(SolutionConfigurationPlatforms) = preSolution
		Debug|Any CPU = Debug|Any CPU
		Release|Any CPU = Release|Any CPU
	EndGlobalSection
	GlobalSection(ProjectConfigurationPlatforms) = postSolution
		{33C34F32-EC5D-46D0-A771-78F10BBF5732}.Debug|Any CPU.ActiveCfg = Debug|Any CPU
		{33C34F32-EC5D-46D0-A771-78F10BBF5732}.Debug|Any CPU.Build.0 = Debug|Any CPU
		{33C34F32-EC5D-46D0-A771-78F10BBF5732}.Release|Any CPU.ActiveCfg = Release|Any CPU
		{33C34F32-EC5D-46D0-A771-78F10BBF5732}.Release|Any CPU.Build.0 = Release|Any CPU
	EndGlobalSection
	GlobalSection(SolutionProperties) = preSolution
		HideSolutionNode = FALSE
	EndGlobalSection
	GlobalSection(NestedProjects) = preSolution
		{33C34F32-EC5D-46D0-A771-78F10BBF5732} = {BF1D5CC4-83C6-4C5F-8143-4E2E3F13563F}
	EndGlobalSection
	GlobalSection(ExtensibilityGlobals) = postSolution
		SolutionGuid = {73168D53-CD89-4D3C-B05B-1AC4DEBD56B2}
	EndGlobalSection
EndGlobal
